
Microsoft Visual Studio Solution File, Format Version 12.00
# Visual Studio Version 17
VisualStudioVersion = 17.14.36623.8 d17.14
MinimumVisualStudioVersion = 10.0.40219.1
Project("{FAE04EC0-301F-11D3-BF4B-00C04F79EFBC}") = "Cafe-NowPokeshop", "Cafe-NowPokeshop\Cafe-NowPokeshop.csproj", "{33F0228F-B695-4441-BC1B-D316AC095BCD}"
EndProject
Global
	GlobalSection(SolutionConfigurationPlatforms) = preSolution
		Debug|Any CPU = Debug|Any CPU
		Release|Any CPU = Release|Any CPU
	EndGlobalSection
	GlobalSection(ProjectConfigurationPlatforms) = postSolution
		{33F0228F-B695-4441-BC1B-D316AC095BCD}.Debug|Any CPU.ActiveCfg = Debug|Any CPU
		{33F0228F-B695-4441-BC1B-D316AC095BCD}.Debug|Any CPU.Build.0 = Debug|Any CPU
		{33F0228F-B695-4441-BC1B-D316AC095BCD}.Release|Any CPU.ActiveCfg = Release|Any CPU
		{33F0228F-B695-4441-BC1B-D316AC095BCD}.Release|Any CPU.Build.0 = Release|Any CPU
	EndGlobalSection
	GlobalSection(SolutionProperties) = preSolution
		HideSolutionNode = FALSE
	EndGlobalSection
	GlobalSection(ExtensibilityGlobals) = postSolution
		SolutionGuid = {FD7208B6-D839-4563-9A9E-D6BCB38814C9}
	EndGlobalSection
EndGlobal
